
Microsoft Visual Studio Solution File, Format Version 12.00
# Visual Studio Version 17
VisualStudioVersion = 17.7.34018.315
MinimumVisualStudioVersion = 10.0.40219.1
Project("{9A19103F-16F7-4668-BE54-9A1E7A4F7556}") = "Sliding_puzzle", "Sliding_puzzle.csproj", "{F12CCB62-91F5-4AE5-A6BD-9352FE10A323}"
EndProject
Project("{2150E333-8FDC-42A3-9474-1A3956D46DE8}") = "Solution Items", "Solution Items", "{E8F6A208-E9FF-42FD-947B-6CC663B49E5B}"
	ProjectSection(SolutionItems) = preProject
		Properties\puzzleIcon.ico = Properties\puzzleIcon.ico
	EndProjectSection
EndProject
Global
	GlobalSection(SolutionConfigurationPlatforms) = preSolution
		Debug|Any CPU = Debug|Any CPU
		Release|Any CPU = Release|Any CPU
	EndGlobalSection
	GlobalSection(ProjectConfigurationPlatforms) = postSolution
		{F12CCB62-91F5-4AE5-A6BD-9352FE10A323}.Debug|Any CPU.ActiveCfg = Debug|Any CPU
		{F12CCB62-91F5-4AE5-A6BD-9352FE10A323}.Debug|Any CPU.Build.0 = Debug|Any CPU
		{F12CCB62-91F5-4AE5-A6BD-9352FE10A323}.Release|Any CPU.ActiveCfg = Release|Any CPU
		{F12CCB62-91F5-4AE5-A6BD-9352FE10A323}.Release|Any CPU.Build.0 = Release|Any CPU
	EndGlobalSection
	GlobalSection(SolutionProperties) = preSolution
		HideSolutionNode = FALSE
	EndGlobalSection
	GlobalSection(ExtensibilityGlobals) = postSolution
		SolutionGuid = {3E9ED356-9083-48F7-B6D7-C0C204F69EBB}
	EndGlobalSection
EndGlobal
